schema: '2.0'
stages:
  load_data:
    cmd: python load_data.py
    deps:
    - path: load_data.py
      md5: 1d8771affb5f14d8f66712367fe680b2
      size: 3430
    params:
      params.yaml:
        load_data.cat_meta_url: http://deepyeti.ucsd.edu/jianmo/amazon/metaFiles2/meta_Appliances.json.gz
        load_data.cat_review_url: http://deepyeti.ucsd.edu/jianmo/amazon/categoryFiles/Appliances.json.gz
    outs:
    - path: data/prepared
      md5: 7870636af441f6a2358ac2b71ac57a47.dir
      size: 834301147
      nfiles: 2
  preprocess_products:
    cmd: python preprocess_products.py data/prepared
    deps:
    - path: data/prepared
      md5: 7870636af441f6a2358ac2b71ac57a47.dir
      size: 834301147
      nfiles: 2
    - path: preprocess_products.py
      md5: 744e6ac2b944ea41bec7931390324f43
      size: 2737
    params:
      params.yaml:
        preprocess_products:
          word2vec_features: true
          handpicked_features: true
          word2vec_model_name: glove-wiki-gigaword-300
          occurrence_threshold: 500
    outs:
    - path: data/products
      md5: 1b578030d5f2be4ff6ce39a5676d88f5.dir
      size: 876608673
      nfiles: 1
  preprocess_reviews:
    cmd: python preprocess_reviews.py data/prepared
    deps:
    - path: data/prepared
      md5: 7870636af441f6a2358ac2b71ac57a47.dir
      size: 834301147
      nfiles: 2
    - path: preprocess_reviews.py
      md5: f6d38c329571279b99496f1cc58f0389
      size: 1428
    outs:
    - path: data/reviews
      md5: e0866fe512426dbf79e2bd5ee359096b.dir
      size: 158450968
      nfiles: 1
  success_metrics:
    cmd: python create_success_metrics.py
    deps:
    - path: create_success_metrics.py
      md5: 8bc0fcec5f9cf698362036797bf0c324
      size: 1227
    - path: data/fake/fake_free_data
      md5: 0adb4e1c455751ce7c63e50468d9cd5d.dir
      size: 7917793785
      nfiles: 2
    - path: data/products
      md5: 1b578030d5f2be4ff6ce39a5676d88f5.dir
      size: 876608673
      nfiles: 1
    - path: data/reviews
      md5: e0866fe512426dbf79e2bd5ee359096b.dir
      size: 158450968
      nfiles: 1
    params:
      params.yaml:
        success_metrics.cutoff: 2
        success_metrics.fake_free_data: true
    outs:
    - path: data/metrics
      md5: 4069a4e935c6aa45a632ecbda61d6a4f.dir
      size: 877417162
      nfiles: 1
  supervised_model:
    cmd: python model_supervised.py data/metrics
    deps:
    - path: data/metrics
      md5: 4069a4e935c6aa45a632ecbda61d6a4f.dir
      size: 877417162
      nfiles: 1
    - path: model_supervised.py
      md5: fdc277fd1e0af829b81f45004794fbb5
      size: 10221
    params:
      params.yaml:
        supervised_model.ada_base_iter:
        - 2
        - 8
        - 10
        supervised_model.ada_base_model: DecisionTreeClassifier
        supervised_model.ada_max_depth: 3
        supervised_model.best_k: 1000
        supervised_model.cluster_features: true
        supervised_model.gscv: true
        supervised_model.model_type: GradientBoostingClassifier
        supervised_model.n_jobs: -1
        supervised_model.oversample: false
        supervised_model.param_dict:
          learning_rate:
          - 0.01
          - 0.05
          - 0.08
          subsample:
          - 0.1
          - 0.5
          - 1
          n_estimators:
          - 500
          - 1000
          - 1500
          max_depth:
          - 4
          - 8
          - 12
        supervised_model.params:
          random_state: 42
          C: 100
          gamma: 1
          kernel: rbf
        supervised_model.pca: true
        supervised_model.pca_n_components: 55
        supervised_model.return_train_score: false
        supervised_model.scale: true
        supervised_model.split: 0.8
        tfidf_product_success.max_df: 0.7
        tfidf_product_success.min_df: 0.05
    outs:
    - path: model/product_success/
      md5: 1e74d4421f41fa3ca00eb99bd07dacac.dir
      size: 23091676
      nfiles: 7
  evaluate_supervised:
    cmd: python evaluate_supervised.py prdct_supervised_report.json
    deps:
    - path: evaluate_supervised.py
      md5: 6d0970926d9bc0977e2096dee37fdb93
      size: 7098
    - path: model/product_success/
      md5: 1e74d4421f41fa3ca00eb99bd07dacac.dir
      size: 23091676
      nfiles: 7
    params:
      params.yaml:
        evaluate_supervised.X_test: model/product_success/X_test.npy
        evaluate_supervised.X_train: model/product_success/X_train.npy
        evaluate_supervised.X_val: model/product_success/X_val.npy
        evaluate_supervised.clf: model/product_success/model.pkl
        evaluate_supervised.f1_avg: weighted
        evaluate_supervised.y_test: model/product_success/y_test.npy
        evaluate_supervised.y_train: model/product_success/y_train.npy
        evaluate_supervised.y_val: model/product_success/y_val.npy
    outs:
    - path: prdct_supervised_report.json
      md5: e21948d352a09fde20b9031cb6cbb297
      size: 3334
  prepare_fake_labeled_model:
    cmd: python load_prepare_fake_labeled_data.py
    deps:
    - path: data/fake/labeled_data/amazon_reviews_labeled.txt
      md5: ec3f2c1ef9598b56c38fbc00c0ac90de
      size: 8404357
    - path: load_prepare_fake_labeled_data.py
      md5: 27bf5d2e1665a1c3ae06a55f960c3d2d
      size: 1759
    params:
      params.yaml:
        fake_review_labeled_file_path: data/fake/labeled_data/amazon_reviews_labeled.txt
        load_prepare_fake.features:
          word2vec_features: true
          handpicked_features: true
        load_prepare_fake.word2vec_model_name: glove-wiki-gigaword-300
    outs:
    - path: data/fake/training/labeled_processed.pkl
      md5: a47919a26eae77a09ac3a3f27afdb403
      size: 70775394
  fd_supervised_model:
    cmd: python fake_detection_model.py data/fake/training/
    deps:
    - path: data/fake/training/
      md5: 466b9e866bd31e9406c7890d34ea576a.dir
      size: 70775394
      nfiles: 1
    - path: fake_detection_model.py
      md5: bef48a2eb7acad7fd329e8fb5b985468
      size: 10140
    params:
      params.yaml:
        fd_supervised_model.ada_base_iter:
        - 2
        - 8
        - 10
        fd_supervised_model.ada_base_model: DecisionTreeClassifier
        fd_supervised_model.ada_max_depth: 3
        fd_supervised_model.gscv: true
        fd_supervised_model.model_type: LogisticRegression
        fd_supervised_model.n_jobs: -1
        fd_supervised_model.oversample: false
        fd_supervised_model.param_dict:
          C:
          - 0.0001
          - 0.000145634848
          - 0.000212095089
          - 0.00030888436
          - 0.000449843267
          - 0.000655128557
          - 0.000954095476
          - 0.00138949549
          - 0.00202358965
          - 0.0029470517
          - 0.00429193426
          - 0.00625055193
          - 0.00910298178
          - 0.0132571137
          - 0.0193069773
          - 0.028117687
          - 0.0409491506
          - 0.0596362332
          - 0.0868511374
          - 0.126485522
          - 0.184206997
          - 0.26826958
          - 0.390693994
          - 0.568986603
          - 0.828642773
          - 1.20679264
          - 1.75751062
          - 2.55954792
          - 3.72759372
          - 5.42867544
          - 7.90604321
          - 11.513954
          - 16.7683294
          - 24.4205309
          - 35.5648031
          - 51.7947468
          - 75.4312006
          - 109.854114
          - 159.985872
          - 232.995181
          - 339.322177
          - 494.171336
          - 719.685673
          - 1048.11313
          - 1526.41797
          - 2222.99648
          - 3237.45754
          - 4714.86636
          - 6866.48845
          - 10000.0
          penalty:
          - l1
          - l2
          random_state:
          - 42
          solver:
          - saga
        fd_supervised_model.params:
          random_state: 42
          C: 100
          gamma: 1
          kernel: rbf
        fd_supervised_model.pca: true
        fd_supervised_model.pca_n_components: 100
        fd_supervised_model.return_train_score: true
        fd_supervised_model.scale: true
        fd_supervised_model.split: 0.8
        fd_supervised_model.tfidf: true
        tfidf_fake_review.max_df: 0.7
        tfidf_fake_review.min_df: 0.05
    outs:
    - path: model/fake/
      md5: 622ffeeba69d9c2a24cc3009047d7469.dir
      size: 13359192
      nfiles: 10
  fd_evaluate_supervised:
    cmd: python fd_evaluate_supervised.py fd_supervised_report.json
    deps:
    - path: fd_evaluate_supervised.py
      md5: 7693a8a803c32a7b3345cd6cb3f15934
      size: 6973
    - path: model/fake/
      md5: 622ffeeba69d9c2a24cc3009047d7469.dir
      size: 13359192
      nfiles: 10
    params:
      params.yaml:
        fd_evaluate_supervised.f1_avg: weighted
    outs:
    - path: fd_supervised_report.json
      md5: 65661f1329d8934b2f023d5e11ffa125
      size: 3294
  predicting_fake_reviews:
    cmd: python fd_test_model.py
    deps:
    - path: data/prepared/
      md5: 7870636af441f6a2358ac2b71ac57a47.dir
      size: 834301147
      nfiles: 2
    - path: fd_test_model.py
      md5: 8c00c71620291366c4d1eac05caaf502
      size: 5536
    - path: model/fake
      md5: 622ffeeba69d9c2a24cc3009047d7469.dir
      size: 13359192
      nfiles: 10
    params:
      params.yaml:
        fd_test_stage:
          tfidf_path: model/fake/tfidf_fitted_model.pkl
          pca_fitted_path: model/fake/pca_fitted_model.pkl
          scaler_fitted_path: model/fake/scaler_fitted_model.pkl
          model_fitted: model/fake/model.pkl
    outs:
    - path: data/fake/fake_free_data/
      md5: 0adb4e1c455751ce7c63e50468d9cd5d.dir
      size: 7917793785
      nfiles: 2
