schema: '2.0'
stages:
  load_data:
    cmd: python load_data.py
    deps:
    - path: load_data.py
      md5: 1082ba52b665af6435f4948994c2af2d
      size: 3891
    outs:
    - path: data/prepared
      md5: a6419922457dee8567ce676381347c47.dir
      size: 834301394
      nfiles: 2
  preprocess_products:
    cmd: python preprocess_products.py data/prepared
    deps:
    - path: data/prepared
      md5: a6419922457dee8567ce676381347c47.dir
      size: 834301394
      nfiles: 2
    - path: preprocess_products.py
      md5: 45409078008787187b9e31603ce1c5fc
      size: 3257
    params:
      params.yaml:
        preprocess_products:
          word2vec_features: true
          handpicked_features: true
          word2vec_model_name: glove-wiki-gigaword-300
          pca: true
          tfidf: true
          occurrence_threshold: 500
    outs:
    - path: data/products
      md5: 26a72bc0b0c9899cc29cbd4445cd0da9.dir
      size: 715611213
      nfiles: 1
  preprocess_reviews:
    cmd: python preprocess_reviews.py data/prepared
    deps:
    - path: data/prepared
      md5: a6419922457dee8567ce676381347c47.dir
      size: 834301394
      nfiles: 2
    - path: preprocess_reviews.py
      md5: 0c778d4227afa4c18417bc332a2507cd
      size: 1805
    outs:
    - path: data/reviews
      md5: 0c9d1a4b01741591f4277bfd2a9a2f28.dir
      size: 158451260
      nfiles: 1
  success_metrics:
    cmd: python create_success_metrics.py data/products data/reviews
    deps:
    - path: create_success_metrics.py
      md5: 52fad55e66a58f46424dbc465aca45d9
      size: 1879
    - path: data/products
      md5: 26a72bc0b0c9899cc29cbd4445cd0da9.dir
      size: 715611213
      nfiles: 1
    - path: data/reviews
      md5: 0c9d1a4b01741591f4277bfd2a9a2f28.dir
      size: 158451260
      nfiles: 1
    params:
      params.yaml:
        success_metrics.cutoff: 2
    outs:
    - path: data/metrics
      md5: d0d53cbe34781a2ef7df8aed2f8bd4ed.dir
      size: 718363193
      nfiles: 1
  supervised_model:
    cmd: python model_supervised.py data/metrics
    deps:
    - path: data/metrics
      md5: d0d53cbe34781a2ef7df8aed2f8bd4ed.dir
      size: 718363193
      nfiles: 1
    - path: model_supervised.py
      md5: b3430d7821babdb25a8fcc710ad475ac
      size: 7377
    params:
      params.yaml:
        supervised_model.gscv: true
        supervised_model.model_type: SVC
        supervised_model.n_jobs: 1
        supervised_model.oversample: false
        supervised_model.param_dict:
          C:
          - 0.1
          - 1
          - 10
          - 100
          gamma:
          - 1
          - 0.1
          - 0.01
          - 0.001
          kernel:
          - rbf
          - poly
          - sigmoid
          random_state:
          - 42
        supervised_model.params:
          random_state: 42
          C: 1
          gamma: 1
          kernel: rbf
        supervised_model.return_train_score: false
        supervised_model.scale: true
        supervised_model.split: 0.8
    outs:
    - path: model/X_test.npy
      md5: 4d71f564c7dbd5c695ae83873a1ff9b5
      size: 604928
    - path: model/X_train.npy
      md5: 4ff78341a0720a72eed7b7b6eb00af23
      size: 4838328
    - path: model/X_val.npy
      md5: 24a9f6bce3c2a93a2a35a03192db2abd
      size: 604928
    - path: model/model.pkl
      md5: c01ccd707b32925c8fb827854e8774c3
      size: 4026481
    - path: model/y_test.npy
      md5: dc194cb32e8ffec3672a787f2329d30c
      size: 24320
    - path: model/y_train.npy
      md5: fbb49c05d6ebb5710ece9994ca265e48
      size: 193656
    - path: model/y_val.npy
      md5: a886d9229d034eec02353ee92f9dbbe2
      size: 24320
  evaluate_supervised:
    cmd: python evaluate_supervised_copy.py scores.json
    deps:
    - path: evaluate_supervised_copy.py
      md5: b22393c48d110d871d0e152061774d33
      size: 4179
    - path: model/
      md5: b10c30f5ce060089da62296f8686b955.dir
      size: 12304024
      nfiles: 9
    outs:
    - path: scores.json
      md5: d39c4286355158bfb284dba01a6dd101
      size: 2280
